// !$*UTF8*$!
{
	archiveVersion = 1;
	classes = {
	};
	objectVersion = 46;
	objects = {

/* Begin PBXBuildFile section */
		0815DD0118ECF40D00AE12CB /* MyParticle.sks in Resources */ = {isa = PBXBuildFile; fileRef = 0815DD0018ECF40D00AE12CB /* MyParticle.sks */; };
		08573BFE18EA68480099CCC2 /* Foundation.framework in Frameworks */ = {isa = PBXBuildFile; fileRef = 08573BFD18EA68480099CCC2 /* Foundation.framework */; };
		08573C0018EA68480099CCC2 /* CoreGraphics.framework in Frameworks */ = {isa = PBXBuildFile; fileRef = 08573BFF18EA68480099CCC2 /* CoreGraphics.framework */; };
		08573C0218EA68480099CCC2 /* UIKit.framework in Frameworks */ = {isa = PBXBuildFile; fileRef = 08573C0118EA68480099CCC2 /* UIKit.framework */; };
		08573C0418EA68480099CCC2 /* SpriteKit.framework in Frameworks */ = {isa = PBXBuildFile; fileRef = 08573C0318EA68480099CCC2 /* SpriteKit.framework */; };
		08573C0A18EA68480099CCC2 /* InfoPlist.strings in Resources */ = {isa = PBXBuildFile; fileRef = 08573C0818EA68480099CCC2 /* InfoPlist.strings */; };
		08573C0C18EA68480099CCC2 /* main.m in Sources */ = {isa = PBXBuildFile; fileRef = 08573C0B18EA68480099CCC2 /* main.m */; };
		08573C1018EA68480099CCC2 /* AppDelegate.m in Sources */ = {isa = PBXBuildFile; fileRef = 08573C0F18EA68480099CCC2 /* AppDelegate.m */; };
		08573C1318EA68480099CCC2 /* Main.storyboard in Resources */ = {isa = PBXBuildFile; fileRef = 08573C1118EA68480099CCC2 /* Main.storyboard */; };
		08573C1618EA68480099CCC2 /* ViewController.m in Sources */ = {isa = PBXBuildFile; fileRef = 08573C1518EA68480099CCC2 /* ViewController.m */; };
		08573C1918EA68480099CCC2 /* MyScene.m in Sources */ = {isa = PBXBuildFile; fileRef = 08573C1818EA68480099CCC2 /* MyScene.m */; };
		08573C1B18EA68480099CCC2 /* Spaceship.png in Resources */ = {isa = PBXBuildFile; fileRef = 08573C1A18EA68480099CCC2 /* Spaceship.png */; };
		08573C1D18EA68480099CCC2 /* Images.xcassets in Resources */ = {isa = PBXBuildFile; fileRef = 08573C1C18EA68480099CCC2 /* Images.xcassets */; };
		08573C2418EA68480099CCC2 /* XCTest.framework in Frameworks */ = {isa = PBXBuildFile; fileRef = 08573C2318EA68480099CCC2 /* XCTest.framework */; };
		08573C2518EA68480099CCC2 /* Foundation.framework in Frameworks */ = {isa = PBXBuildFile; fileRef = 08573BFD18EA68480099CCC2 /* Foundation.framework */; };
		08573C2618EA68480099CCC2 /* UIKit.framework in Frameworks */ = {isa = PBXBuildFile; fileRef = 08573C0118EA68480099CCC2 /* UIKit.framework */; };
		08573C2E18EA68480099CCC2 /* InfoPlist.strings in Resources */ = {isa = PBXBuildFile; fileRef = 08573C2C18EA68480099CCC2 /* InfoPlist.strings */; };
		08573C3018EA68480099CCC2 /* demoTests.m in Sources */ = {isa = PBXBuildFile; fileRef = 08573C2F18EA68480099CCC2 /* demoTests.m */; };
		08573C3A18EA7E750099CCC2 /* explosion.gif in Resources */ = {isa = PBXBuildFile; fileRef = 08573C3918EA7E750099CCC2 /* explosion.gif */; };
		08573C3C18EA7ECE0099CCC2 /* explosion.wav in Resources */ = {isa = PBXBuildFile; fileRef = 08573C3B18EA7ECE0099CCC2 /* explosion.wav */; };
		08573C3F18EA7FC20099CCC2 /* flyingPlane.m in Sources */ = {isa = PBXBuildFile; fileRef = 08573C3E18EA7FC20099CCC2 /* flyingPlane.m */; };
		08573C4118EA807B0099CCC2 /* dragonFire.sks in Resources */ = {isa = PBXBuildFile; fileRef = 08573C4018EA807B0099CCC2 /* dragonFire.sks */; };
		08573C4318EA829E0099CCC2 /* spark.png in Resources */ = {isa = PBXBuildFile; fileRef = 08573C4218EA829E0099CCC2 /* spark.png */; };
/* End PBXBuildFile section */

/* Begin PBXContainerItemProxy section */
		08573C2718EA68480099CCC2 /* PBXContainerItemProxy */ = {
			isa = PBXContainerItemProxy;
			containerPortal = 08573BF218EA68480099CCC2 /* Project object */;
			proxyType = 1;
			remoteGlobalIDString = 08573BF918EA68480099CCC2;
			remoteInfo = demo;
		};
/* End PBXContainerItemProxy section */

/* Begin PBXFileReference section */
		0815DD0018ECF40D00AE12CB /* MyParticle.sks */ = {isa = PBXFileReference; lastKnownFileType = file.sks; path = MyParticle.sks; sourceTree = "<group>"; };
		08573BFA18EA68480099CCC2 /* demo.app */ = {isa = PBXFileReference; explicitFileType = wrapper.application; includeInIndex = 0; path = demo.app; sourceTree = BUILT_PRODUCTS_DIR; };
		08573BFD18EA68480099CCC2 /* Foundation.framework */ = {isa = PBXFileReference; lastKnownFileType = wrapper.framework; name = Foundation.framework; path = System/Library/Frameworks/Foundation.framework; sourceTree = SDKROOT; };
		08573BFF18EA68480099CCC2 /* CoreGraphics.framework */ = {isa = PBXFileReference; lastKnownFileType = wrapper.framework; name = CoreGraphics.framework; path = System/Library/Frameworks/CoreGraphics.framework; sourceTree = SDKROOT; };
		08573C0118EA68480099CCC2 /* UIKit.framework */ = {isa = PBXFileReference; lastKnownFileType = wrapper.framework; name = UIKit.framework; path = System/Library/Frameworks/UIKit.framework; sourceTree = SDKROOT; };
		08573C0318EA68480099CCC2 /* SpriteKit.framework */ = {isa = PBXFileReference; lastKnownFileType = wrapper.framework; name = SpriteKit.framework; path = System/Library/Frameworks/SpriteKit.framework; sourceTree = SDKROOT; };
		08573C0718EA68480099CCC2 /* demo-Info.plist */ = {isa = PBXFileReference; lastKnownFileType = text.plist.xml; path = "demo-Info.plist"; sourceTree = "<group>"; };
		08573C0918EA68480099CCC2 /* en */ = {isa = PBXFileReference; lastKnownFileType = text.plist.strings; name = en; path = en.lproj/InfoPlist.strings; sourceTree = "<group>"; };
		08573C0B18EA68480099CCC2 /* main.m */ = {isa = PBXFileReference; lastKnownFileType = sourcecode.c.objc; path = main.m; sourceTree = "<group>"; };
		08573C0D18EA68480099CCC2 /* demo-Prefix.pch */ = {isa = PBXFileReference; lastKnownFileType = sourcecode.c.h; path = "demo-Prefix.pch"; sourceTree = "<group>"; };
		08573C0E18EA68480099CCC2 /* AppDelegate.h */ = {isa = PBXFileReference; lastKnownFileType = sourcecode.c.h; path = AppDelegate.h; sourceTree = "<group>"; };
		08573C0F18EA68480099CCC2 /* AppDelegate.m */ = {isa = PBXFileReference; lastKnownFileType = sourcecode.c.objc; path = AppDelegate.m; sourceTree = "<group>"; };
		08573C1218EA68480099CCC2 /* Base */ = {isa = PBXFileReference; lastKnownFileType = file.storyboard; name = Base; path = Base.lproj/Main.storyboard; sourceTree = "<group>"; };
		08573C1418EA68480099CCC2 /* ViewController.h */ = {isa = PBXFileReference; lastKnownFileType = sourcecode.c.h; path = ViewController.h; sourceTree = "<group>"; };
		08573C1518EA68480099CCC2 /* ViewController.m */ = {isa = PBXFileReference; lastKnownFileType = sourcecode.c.objc; path = ViewController.m; sourceTree = "<group>"; };
		08573C1718EA68480099CCC2 /* MyScene.h */ = {isa = PBXFileReference; lastKnownFileType = sourcecode.c.h; path = MyScene.h; sourceTree = "<group>"; };
		08573C1818EA68480099CCC2 /* MyScene.m */ = {isa = PBXFileReference; lastKnownFileType = sourcecode.c.objc; path = MyScene.m; sourceTree = "<group>"; };
		08573C1A18EA68480099CCC2 /* Spaceship.png */ = {isa = PBXFileReference; lastKnownFileType = image.png; path = Spaceship.png; sourceTree = "<group>"; };
		08573C1C18EA68480099CCC2 /* Images.xcassets */ = {isa = PBXFileReference; lastKnownFileType = folder.assetcatalog; path = Images.xcassets; sourceTree = "<group>"; };
		08573C2218EA68480099CCC2 /* demoTests.xctest */ = {isa = PBXFileReference; explicitFileType = wrapper.cfbundle; includeInIndex = 0; path = demoTests.xctest; sourceTree = BUILT_PRODUCTS_DIR; };
		08573C2318EA68480099CCC2 /* XCTest.framework */ = {isa = PBXFileReference; lastKnownFileType = wrapper.framework; name = XCTest.framework; path = Library/Frameworks/XCTest.framework; sourceTree = DEVELOPER_DIR; };
		08573C2B18EA68480099CCC2 /* demoTests-Info.plist */ = {isa = PBXFileReference; lastKnownFileType = text.plist.xml; path = "demoTests-Info.plist"; sourceTree = "<group>"; };
		08573C2D18EA68480099CCC2 /* en */ = {isa = PBXFileReference; lastKnownFileType = text.plist.strings; name = en; path = en.lproj/InfoPlist.strings; sourceTree = "<group>"; };
		08573C2F18EA68480099CCC2 /* demoTests.m */ = {isa = PBXFileReference; lastKnownFileType = sourcecode.c.objc; path = demoTests.m; sourceTree = "<group>"; };
		08573C3918EA7E750099CCC2 /* explosion.gif */ = {isa = PBXFileReference; lastKnownFileType = image.gif; path = explosion.gif; sourceTree = "<group>"; };
		08573C3B18EA7ECE0099CCC2 /* explosion.wav */ = {isa = PBXFileReference; lastKnownFileType = audio.wav; path = explosion.wav; sourceTree = "<group>"; };
		08573C3D18EA7FC20099CCC2 /* flyingPlane.h */ = {isa = PBXFileReference; fileEncoding = 4; lastKnownFileType = sourcecode.c.h; path = flyingPlane.h; sourceTree = "<group>"; };
		08573C3E18EA7FC20099CCC2 /* flyingPlane.m */ = {isa = PBXFileReference; fileEncoding = 4; lastKnownFileType = sourcecode.c.objc; path = flyingPlane.m; sourceTree = "<group>"; };
		08573C4018EA807B0099CCC2 /* dragonFire.sks */ = {isa = PBXFileReference; lastKnownFileType = file.sks; path = dragonFire.sks; sourceTree = "<group>"; };
		08573C4218EA829E0099CCC2 /* spark.png */ = {isa = PBXFileReference; lastKnownFileType = image.png; path = spark.png; sourceTree = "<group>"; };
/* End PBXFileReference section */

/* Begin PBXFrameworksBuildPhase section */
		08573BF718EA68480099CCC2 /* Frameworks */ = {
			isa = PBXFrameworksBuildPhase;
			buildActionMask = 2147483647;
			files = (
				08573C0018EA68480099CCC2 /* CoreGraphics.framework in Frameworks */,
				08573C0218EA68480099CCC2 /* UIKit.framework in Frameworks */,
				08573C0418EA68480099CCC2 /* SpriteKit.framework in Frameworks */,
				08573BFE18EA68480099CCC2 /* Foundation.framework in Frameworks */,
			);
			runOnlyForDeploymentPostprocessing = 0;
		};
		08573C1F18EA68480099CCC2 /* Frameworks */ = {
			isa = PBXFrameworksBuildPhase;
			buildActionMask = 2147483647;
			files = (
				08573C2418EA68480099CCC2 /* XCTest.framework in Frameworks */,
				08573C2618EA68480099CCC2 /* UIKit.framework in Frameworks */,
				08573C2518EA68480099CCC2 /* Foundation.framework in Frameworks */,
			);
			runOnlyForDeploymentPostprocessing = 0;
		};
/* End PBXFrameworksBuildPhase section */

/* Begin PBXGroup section */
		08573BF118EA68480099CCC2 = {
			isa = PBXGroup;
			children = (
				08573C0518EA68480099CCC2 /* demo */,
				08573C2918EA68480099CCC2 /* demoTests */,
				08573BFC18EA68480099CCC2 /* Frameworks */,
				08573BFB18EA68480099CCC2 /* Products */,
			);
			sourceTree = "<group>";
		};
		08573BFB18EA68480099CCC2 /* Products */ = {
			isa = PBXGroup;
			children = (
				08573BFA18EA68480099CCC2 /* demo.app */,
				08573C2218EA68480099CCC2 /* demoTests.xctest */,
			);
			name = Products;
			sourceTree = "<group>";
		};
		08573BFC18EA68480099CCC2 /* Frameworks */ = {
			isa = PBXGroup;
			children = (
				08573BFD18EA68480099CCC2 /* Foundation.framework */,
				08573BFF18EA68480099CCC2 /* CoreGraphics.framework */,
				08573C0118EA68480099CCC2 /* UIKit.framework */,
				08573C0318EA68480099CCC2 /* SpriteKit.framework */,
				08573C2318EA68480099CCC2 /* XCTest.framework */,
			);
			name = Frameworks;
			sourceTree = "<group>";
		};
		08573C0518EA68480099CCC2 /* demo */ = {
			isa = PBXGroup;
			children = (
				08573C0E18EA68480099CCC2 /* AppDelegate.h */,
				08573C0F18EA68480099CCC2 /* AppDelegate.m */,
				08573C1118EA68480099CCC2 /* Main.storyboard */,
				08573C1418EA68480099CCC2 /* ViewController.h */,
				08573C1518EA68480099CCC2 /* ViewController.m */,
				08573C1718EA68480099CCC2 /* MyScene.h */,
				08573C1818EA68480099CCC2 /* MyScene.m */,
				0815DD0018ECF40D00AE12CB /* MyParticle.sks */,
				08573C3B18EA7ECE0099CCC2 /* explosion.wav */,
				08573C3918EA7E750099CCC2 /* explosion.gif */,
				08573C1A18EA68480099CCC2 /* Spaceship.png */,
				08573C3D18EA7FC20099CCC2 /* flyingPlane.h */,
				08573C3E18EA7FC20099CCC2 /* flyingPlane.m */,
				08573C4018EA807B0099CCC2 /* dragonFire.sks */,
				08573C4218EA829E0099CCC2 /* spark.png */,
				08573C1C18EA68480099CCC2 /* Images.xcassets */,
				08573C0618EA68480099CCC2 /* Supporting Files */,
			);
			path = demo;
			sourceTree = "<group>";
		};
		08573C0618EA68480099CCC2 /* Supporting Files */ = {
			isa = PBXGroup;
			children = (
				08573C0718EA68480099CCC2 /* demo-Info.plist */,
				08573C0818EA68480099CCC2 /* InfoPlist.strings */,
				08573C0B18EA68480099CCC2 /* main.m */,
				08573C0D18EA68480099CCC2 /* demo-Prefix.pch */,
			);
			name = "Supporting Files";
			sourceTree = "<group>";
		};
		08573C2918EA68480099CCC2 /* demoTests */ = {
			isa = PBXGroup;
			children = (
				08573C2F18EA68480099CCC2 /* demoTests.m */,
				08573C2A18EA68480099CCC2 /* Supporting Files */,
			);
			path = demoTests;
			sourceTree = "<group>";
		};
		08573C2A18EA68480099CCC2 /* Supporting Files */ = {
			isa = PBXGroup;
			children = (
				08573C2B18EA68480099CCC2 /* demoTests-Info.plist */,
				08573C2C18EA68480099CCC2 /* InfoPlist.strings */,
			);
			name = "Supporting Files";
			sourceTree = "<group>";
		};
/* End PBXGroup section */

/* Begin PBXNativeTarget section */
		08573BF918EA68480099CCC2 /* demo */ = {
			isa = PBXNativeTarget;
			buildConfigurationList = 08573C3318EA68480099CCC2 /* Build configuration list for PBXNativeTarget "demo" */;
			buildPhases = (
				08573BF618EA68480099CCC2 /* Sources */,
				08573BF718EA68480099CCC2 /* Frameworks */,
				08573BF818EA68480099CCC2 /* Resources */,
			);
			buildRules = (
			);
			dependencies = (
			);
			name = demo;
			productName = demo;
			productReference = 08573BFA18EA68480099CCC2 /* demo.app */;
			productType = "com.apple.product-type.application";
		};
		08573C2118EA68480099CCC2 /* demoTests */ = {
			isa = PBXNativeTarget;
			buildConfigurationList = 08573C3618EA68480099CCC2 /* Build configuration list for PBXNativeTarget "demoTests" */;
			buildPhases = (
				08573C1E18EA68480099CCC2 /* Sources */,
				08573C1F18EA68480099CCC2 /* Frameworks */,
				08573C2018EA68480099CCC2 /* Resources */,
			);
			buildRules = (
			);
			dependencies = (
				08573C2818EA68480099CCC2 /* PBXTargetDependency */,
			);
			name = demoTests;
			productName = demoTests;
			productReference = 08573C2218EA68480099CCC2 /* demoTests.xctest */;
			productType = "com.apple.product-type.bundle.unit-test";
		};
/* End PBXNativeTarget section */

/* Begin PBXProject section */
		08573BF218EA68480099CCC2 /* Project object */ = {
			isa = PBXProject;
			attributes = {
				LastUpgradeCheck = 0510;
				ORGANIZATIONNAME = "Rodger Wilson";
				TargetAttributes = {
					08573C2118EA68480099CCC2 = {
						TestTargetID = 08573BF918EA68480099CCC2;
					};
				};
			};
			buildConfigurationList = 08573BF518EA68480099CCC2 /* Build configuration list for PBXProject "demo" */;
			compatibilityVersion = "Xcode 3.2";
			developmentRegion = English;
			hasScannedForEncodings = 0;
			knownRegions = (
				en,
				Base,
			);
			mainGroup = 08573BF118EA68480099CCC2;
			productRefGroup = 08573BFB18EA68480099CCC2 /* Products */;
			projectDirPath = "";
			projectRoot = "";
			targets = (
				08573BF918EA68480099CCC2 /* demo */,
				08573C2118EA68480099CCC2 /* demoTests */,
			);
		};
/* End PBXProject section */

/* Begin PBXResourcesBuildPhase section */
		08573BF818EA68480099CCC2 /* Resources */ = {
			isa = PBXResourcesBuildPhase;
			buildActionMask = 2147483647;
			files = (
				08573C4118EA807B0099CCC2 /* dragonFire.sks in Resources */,
				08573C3C18EA7ECE0099CCC2 /* explosion.wav in Resources */,
				08573C0A18EA68480099CCC2 /* InfoPlist.strings in Resources */,
				08573C1D18EA68480099CCC2 /* Images.xcassets in Resources */,
				0815DD0118ECF40D00AE12CB /* MyParticle.sks in Resources */,
				08573C1B18EA68480099CCC2 /* Spaceship.png in Resources */,
				08573C4318EA829E0099CCC2 /* spark.png in Resources */,
				08573C3A18EA7E750099CCC2 /* explosion.gif in Resources */,
				08573C1318EA68480099CCC2 /* Main.storyboard in Resources */,
			);
			runOnlyForDeploymentPostprocessing = 0;
		};
		08573C2018EA68480099CCC2 /* Resources */ = {
			isa = PBXResourcesBuildPhase;
			buildActionMask = 2147483647;
			files = (
				08573C2E18EA68480099CCC2 /* InfoPlist.strings in Resources */,
			);
			runOnlyForDeploymentPostprocessing = 0;
		};
/* End PBXResourcesBuildPhase section */

/* Begin PBXSourcesBuildPhase section */
		08573BF618EA68480099CCC2 /* Sources */ = {
			isa = PBXSourcesBuildPhase;
			buildActionMask = 2147483647;
			files = (
				08573C3F18EA7FC20099CCC2 /* flyingPlane.m in Sources */,
				08573C1918EA68480099CCC2 /* MyScene.m in Sources */,
				08573C1618EA68480099CCC2 /* ViewController.m in Sources */,
				08573C1018EA68480099CCC2 /* AppDelegate.m in Sources */,
				08573C0C18EA68480099CCC2 /* main.m in Sources */,
			);
			runOnlyForDeploymentPostprocessing = 0;
		};
		08573C1E18EA68480099CCC2 /* Sources */ = {
			isa = PBXSourcesBuildPhase;
			buildActionMask = 2147483647;
			files = (
				08573C3018EA68480099CCC2 /* demoTests.m in Sources */,
			);
			runOnlyForDeploymentPostprocessing = 0;
		};
/* End PBXSourcesBuildPhase section */

/* Begin PBXTargetDependency section */
		08573C2818EA68480099CCC2 /* PBXTargetDependency */ = {
			isa = PBXTargetDependency;
			target = 08573BF918EA68480099CCC2 /* demo */;
			targetProxy = 08573C2718EA68480099CCC2 /* PBXContainerItemProxy */;
		};
/* End PBXTargetDependency section */

/* Begin PBXVariantGroup section */
		08573C0818EA68480099CCC2 /* InfoPlist.strings */ = {
			isa = PBXVariantGroup;
			children = (
				08573C0918EA68480099CCC2 /* en */,
			);
			name = InfoPlist.strings;
			sourceTree = "<group>";
		};
		08573C1118EA68480099CCC2 /* Main.storyboard */ = {
			isa = PBXVariantGroup;
			children = (
				08573C1218EA68480099CCC2 /* Base */,
			);
			name = Main.storyboard;
			sourceTree = "<group>";
		};
		08573C2C18EA68480099CCC2 /* InfoPlist.strings */ = {
			isa = PBXVariantGroup;
			children = (
				08573C2D18EA68480099CCC2 /* en */,
			);
			name = InfoPlist.strings;
			sourceTree = "<group>";
		};
/* End PBXVariantGroup section */

/* Begin XCBuildConfiguration section */
		08573C3118EA68480099CCC2 /* Debug */ = {
			isa = XCBuildConfiguration;
			buildSettings = {
				ALWAYS_SEARCH_USER_PATHS = NO;
				CLANG_CXX_LANGUAGE_STANDARD = "gnu++0x";
				CLANG_CXX_LIBRARY = "libc++";
				CLANG_ENABLE_MODULES = YES;
				CLANG_ENABLE_OBJC_ARC = YES;
				CLANG_WARN_BOOL_CONVERSION = YES;
				CLANG_WARN_CONSTANT_CONVERSION = YES;
				CLANG_WARN_DIRECT_OBJC_ISA_USAGE = YES_ERROR;
				CLANG_WARN_EMPTY_BODY = YES;
				CLANG_WARN_ENUM_CONVERSION = YES;
				CLANG_WARN_INT_CONVERSION = YES;
				CLANG_WARN_OBJC_ROOT_CLASS = YES_ERROR;
				CLANG_WARN__DUPLICATE_METHOD_MATCH = YES;
				"CODE_SIGN_IDENTITY[sdk=iphoneos*]" = "iPhone Developer";
				COPY_PHASE_STRIP = NO;
				GCC_C_LANGUAGE_STANDARD = gnu99;
				GCC_DYNAMIC_NO_PIC = NO;
				GCC_OPTIMIZATION_LEVEL = 0;
				GCC_PREPROCESSOR_DEFINITIONS = (
					"DEBUG=1",
					"$(inherited)",
				);
				GCC_SYMBOLS_PRIVATE_EXTERN = NO;
				GCC_WARN_64_TO_32_BIT_CONVERSION = YES;
				GCC_WARN_ABOUT_RETURN_TYPE = YES_ERROR;
				GCC_WARN_UNDECLARED_SELECTOR = YES;
				GCC_WARN_UNINITIALIZED_AUTOS = YES_AGGRESSIVE;
				GCC_WARN_UNUSED_FUNCTION = YES;
				GCC_WARN_UNUSED_VARIABLE = YES;
				IPHONEOS_DEPLOYMENT_TARGET = 7.1;
				ONLY_ACTIVE_ARCH = YES;
				SDKROOT = iphoneos;
			};
			name = Debug;
		};
		08573C3218EA68480099CCC2 /* Release */ = {
			isa = XCBuildConfiguration;
			buildSettings = {
				ALWAYS_SEARCH_USER_PATHS = NO;
				CLANG_CXX_LANGUAGE_STANDARD = "gnu++0x";
				CLANG_CXX_LIBRARY = "libc++";
				CLANG_ENABLE_MODULES = YES;
				CLANG_ENABLE_OBJC_ARC = YES;
				CLANG_WARN_BOOL_CONVERSION = YES;
				CLANG_WARN_CONSTANT_CONVERSION = YES;
				CLANG_WARN_DIRECT_OBJC_ISA_USAGE = YES_ERROR;
				CLANG_WARN_EMPTY_BODY = YES;
				CLANG_WARN_ENUM_CONVERSION = YES;
				CLANG_WARN_INT_CONVERSION = YES;
				CLANG_WARN_OBJC_ROOT_CLASS = YES_ERROR;
				CLANG_WARN__DUPLICATE_METHOD_MATCH = YES;
				"CODE_SIGN_IDENTITY[sdk=iphoneos*]" = "iPhone Developer";
				COPY_PHASE_STRIP = YES;
				ENABLE_NS_ASSERTIONS = NO;
				GCC_C_LANGUAGE_STANDARD = gnu99;
				GCC_WARN_64_TO_32_BIT_CONVERSION = YES;
				GCC_WARN_ABOUT_RETURN_TYPE = YES_ERROR;
				GCC_WARN_UNDECLARED_SELECTOR = YES;
				GCC_WARN_UNINITIALIZED_AUTOS = YES_AGGRESSIVE;
				GCC_WARN_UNUSED_FUNCTION = YES;
				GCC_WARN_UNUSED_VARIABLE = YES;
				IPHONEOS_DEPLOYMENT_TARGET = 7.1;
				SDKROOT = iphoneos;
				VALIDATE_PRODUCT = YES;
			};
			name = Release;
		};
		08573C3418EA68480099CCC2 /* Debug */ = {
			isa = XCBuildConfiguration;
			buildSettings = {
				ASSETCATALOG_COMPILER_APPICON_NAME = AppIcon;
				ASSETCATALOG_COMPILER_LAUNCHIMAGE_NAME = LaunchImage;
				GCC_PRECOMPILE_PREFIX_HEADER = YES;
				GCC_PREFIX_HEADER = "demo/demo-Prefix.pch";
				INFOPLIST_FILE = "demo/demo-Info.plist";
				PRODUCT_NAME = "$(TARGET_NAME)";
				SPRITEKIT_TEXTURE_ATLAS_OUTPUT = YES;
				WRAPPER_EXTENSION = app;
			};
			name = Debug;
		};
		08573C3518EA68480099CCC2 /* Release */ = {
			isa = XCBuildConfiguration;
			buildSettings = {
				ASSETCATALOG_COMPILER_APPICON_NAME = AppIcon;
				ASSETCATALOG_COMPILER_LAUNCHIMAGE_NAME = LaunchImage;
				GCC_PRECOMPILE_PREFIX_HEADER = YES;
				GCC_PREFIX_HEADER = "demo/demo-Prefix.pch";
				INFOPLIST_FILE = "demo/demo-Info.plist";
				PRODUCT_NAME = "$(TARGET_NAME)";
				SPRITEKIT_TEXTURE_ATLAS_OUTPUT = YES;
				WRAPPER_EXTENSION = app;
			};
			name = Release;
		};
		08573C3718EA68480099CCC2 /* Debug */ = {
			isa = XCBuildConfiguration;
			buildSettings = {
				BUNDLE_LOADER = "$(BUILT_PRODUCTS_DIR)/demo.app/demo";
				FRAMEWORK_SEARCH_PATHS = (
					"$(SDKROOT)/Developer/Library/Frameworks",
					"$(inherited)",
					"$(DEVELOPER_FRAMEWORKS_DIR)",
				);
				GCC_PRECOMPILE_PREFIX_HEADER = YES;
				GCC_PREFIX_HEADER = "demo/demo-Prefix.pch";
				GCC_PREPROCESSOR_DEFINITIONS = (
					"DEBUG=1",
					"$(inherited)",
				);
				INFOPLIST_FILE = "demoTests/demoTests-Info.plist";
				PRODUCT_NAME = "$(TARGET_NAME)";
				TEST_HOST = "$(BUNDLE_LOADER)";
				WRAPPER_EXTENSION = xctest;
			};
			name = Debug;
		};
		08573C3818EA68480099CCC2 /* Release */ = {
			isa = XCBuildConfiguration;
			buildSettings = {
				BUNDLE_LOADER = "$(BUILT_PRODUCTS_DIR)/demo.app/demo";
				FRAMEWORK_SEARCH_PATHS = (
					"$(SDKROOT)/Developer/Library/Frameworks",
					"$(inherited)",
					"$(DEVELOPER_FRAMEWORKS_DIR)",
				);
				GCC_PRECOMPILE_PREFIX_HEADER = YES;
				GCC_PREFIX_HEADER = "demo/demo-Prefix.pch";
				INFOPLIST_FILE = "demoTests/demoTests-Info.plist";
				PRODUCT_NAME = "$(TARGET_NAME)";
				TEST_HOST = "$(BUNDLE_LOADER)";
				WRAPPER_EXTENSION = xctest;
			};
			name = Release;
		};
/* End XCBuildConfiguration section */

/* Begin XCConfigurationList section */
		08573BF518EA68480099CCC2 /* Build configuration list for PBXProject "demo" */ = {
			isa = XCConfigurationList;
			buildConfigurations = (
				08573C3118EA68480099CCC2 /* Debug */,
				08573C3218EA68480099CCC2 /* Release */,
			);
			defaultConfigurationIsVisible = 0;
			defaultConfigurationName = Release;
		};
		08573C3318EA68480099CCC2 /* Build configuration list for PBXNativeTarget "demo" */ = {
			isa = XCConfigurationList;
			buildConfigurations = (
				08573C3418EA68480099CCC2 /* Debug */,
				08573C3518EA68480099CCC2 /* Release */,
			);
			defaultConfigurationIsVisible = 0;
			defaultConfigurationName = Release;
		};
		08573C3618EA68480099CCC2 /* Build configuration list for PBXNativeTarget "demoTests" */ = {
			isa = XCConfigurationList;
			buildConfigurations = (
				08573C3718EA68480099CCC2 /* Debug */,
				08573C3818EA68480099CCC2 /* Release */,
			);
			defaultConfigurationIsVisible = 0;
			defaultConfigurationName = Release;
		};
/* End XCConfigurationList section */
	};
	rootObject = 08573BF218EA68480099CCC2 /* Project object */;
}
